
Microsoft Visual Studio Solution File, Format Version 12.00
# Visual Studio Version 17
VisualStudioVersion = 17.4.33205.214
MinimumVisualStudioVersion = 10.0.40219.1
Project("{FAE04EC0-301F-11D3-BF4B-00C04F79EFBC}") = "QLCongTy", "QLCongTy.csproj", "{82DF95CD-6650-49A0-9DA2-5F58BDFD368F}"
EndProject
Global
	GlobalSection(SolutionConfigurationPlatforms) = preSolution
		Debug|Any CPU = Debug|Any CPU
		Release|Any CPU = Release|Any CPU
	EndGlobalSection
	GlobalSection(ProjectConfigurationPlatforms) = postSolution
		{82DF95CD-6650-49A0-9DA2-5F58BDFD368F}.Debug|Any CPU.ActiveCfg = Debug|Any CPU
		{82DF95CD-6650-49A0-9DA2-5F58BDFD368F}.Debug|Any CPU.Build.0 = Debug|Any CPU
		{82DF95CD-6650-49A0-9DA2-5F58BDFD368F}.Release|Any CPU.ActiveCfg = Release|Any CPU
		{82DF95CD-6650-49A0-9DA2-5F58BDFD368F}.Release|Any CPU.Build.0 = Release|Any CPU
	EndGlobalSection
	GlobalSection(SolutionProperties) = preSolution
		HideSolutionNode = FALSE
	EndGlobalSection
	GlobalSection(ExtensibilityGlobals) = postSolution
		SolutionGuid = {4A5FAEC7-27DA-4499-A62A-460225B32E41}
	EndGlobalSection
EndGlobal
